
Microsoft Visual Studio Solution File, Format Version 12.00
Project("{FAE04EC0-301F-11D3-BF4B-00C04F79EFBC}") = "PainBall5", "PainBall5\PainBall5.csproj", "{194BBDC2-8EAD-4DA8-8F8C-AA98D9B4DBA7}"
EndProject
Global
	GlobalSection(SolutionConfigurationPlatforms) = preSolution
		Debug|Any CPU = Debug|Any CPU
		Release|Any CPU = Release|Any CPU
	EndGlobalSection
	GlobalSection(ProjectConfigurationPlatforms) = postSolution
		{194BBDC2-8EAD-4DA8-8F8C-AA98D9B4DBA7}.Debug|Any CPU.ActiveCfg = Debug|Any CPU
		{194BBDC2-8EAD-4DA8-8F8C-AA98D9B4DBA7}.Debug|Any CPU.Build.0 = Debug|Any CPU
		{194BBDC2-8EAD-4DA8-8F8C-AA98D9B4DBA7}.Release|Any CPU.ActiveCfg = Release|Any CPU
		{194BBDC2-8EAD-4DA8-8F8C-AA98D9B4DBA7}.Release|Any CPU.Build.0 = Release|Any CPU
	EndGlobalSection
EndGlobal
